// !$*UTF8*$!
{
	archiveVersion = 1;
	classes = {
	};
	objectVersion = 46;
	objects = {

/* Begin PBXBuildFile section */
		736453701F39545800101EED /* AFNetworkActivityIndicatorManager.h in Headers */ = {isa = PBXBuildFile; fileRef = 7364535E1F39545800101EED /* AFNetworkActivityIndicatorManager.h */; settings = {ATTRIBUTES = (Public, ); }; };
		736453711F39545800101EED /* AFNetworkActivityIndicatorManager.m in Sources */ = {isa = PBXBuildFile; fileRef = 7364535F1F39545800101EED /* AFNetworkActivityIndicatorManager.m */; };
		736453721F39545800101EED /* UIActivityIndicatorView+AFNetworking.h in Headers */ = {isa = PBXBuildFile; fileRef = 736453601F39545800101EED /* UIActivityIndicatorView+AFNetworking.h */; settings = {ATTRIBUTES = (Public, ); }; };
		736453731F39545800101EED /* UIActivityIndicatorView+AFNetworking.m in Sources */ = {isa = PBXBuildFile; fileRef = 736453611F39545800101EED /* UIActivityIndicatorView+AFNetworking.m */; };
		736453741F39545800101EED /* UIAlertView+AFNetworking.h in Headers */ = {isa = PBXBuildFile; fileRef = 736453621F39545800101EED /* UIAlertView+AFNetworking.h */; settings = {ATTRIBUTES = (Public, ); }; };
		736453751F39545800101EED /* UIAlertView+AFNetworking.m in Sources */ = {isa = PBXBuildFile; fileRef = 736453631F39545800101EED /* UIAlertView+AFNetworking.m */; };
		736453761F39545800101EED /* UIButton+AFNetworking.h in Headers */ = {isa = PBXBuildFile; fileRef = 736453641F39545800101EED /* UIButton+AFNetworking.h */; settings = {ATTRIBUTES = (Public, ); }; };
		736453771F39545800101EED /* UIButton+AFNetworking.m in Sources */ = {isa = PBXBuildFile; fileRef = 736453651F39545800101EED /* UIButton+AFNetworking.m */; };
		736453781F39545800101EED /* UIImage+AFNetworking.h in Headers */ = {isa = PBXBuildFile; fileRef = 736453661F39545800101EED /* UIImage+AFNetworking.h */; settings = {ATTRIBUTES = (Public, ); }; };
		736453791F39545800101EED /* UIImageView+AFNetworking.h in Headers */ = {isa = PBXBuildFile; fileRef = 736453671F39545800101EED /* UIImageView+AFNetworking.h */; settings = {ATTRIBUTES = (Public, ); }; };
		7364537A1F39545800101EED /* UIImageView+AFNetworking.m in Sources */ = {isa = PBXBuildFile; fileRef = 736453681F39545800101EED /* UIImageView+AFNetworking.m */; };
		7364537B1F39545800101EED /* UIKit+AFNetworking.h in Headers */ = {isa = PBXBuildFile; fileRef = 736453691F39545800101EED /* UIKit+AFNetworking.h */; settings = {ATTRIBUTES = (Public, ); }; };
		7364537C1F39545800101EED /* UIProgressView+AFNetworking.h in Headers */ = {isa = PBXBuildFile; fileRef = 7364536A1F39545800101EED /* UIProgressView+AFNetworking.h */; settings = {ATTRIBUTES = (Public, ); }; };
		7364537D1F39545800101EED /* UIProgressView+AFNetworking.m in Sources */ = {isa = PBXBuildFile; fileRef = 7364536B1F39545800101EED /* UIProgressView+AFNetworking.m */; };
		7364537E1F39545800101EED /* UIRefreshControl+AFNetworking.h in Headers */ = {isa = PBXBuildFile; fileRef = 7364536C1F39545800101EED /* UIRefreshControl+AFNetworking.h */; settings = {ATTRIBUTES = (Public, ); }; };
		7364537F1F39545800101EED /* UIRefreshControl+AFNetworking.m in Sources */ = {isa = PBXBuildFile; fileRef = 7364536D1F39545800101EED /* UIRefreshControl+AFNetworking.m */; };
		736453801F39545800101EED /* UIWebView+AFNetworking.h in Headers */ = {isa = PBXBuildFile; fileRef = 7364536E1F39545800101EED /* UIWebView+AFNetworking.h */; settings = {ATTRIBUTES = (Public, ); }; };
		736453811F39545800101EED /* UIWebView+AFNetworking.m in Sources */ = {isa = PBXBuildFile; fileRef = 7364536F1F39545800101EED /* UIWebView+AFNetworking.m */; };
		73F0170B1F33F65F00EDC602 /* Info.plist in Resources */ = {isa = PBXBuildFile; fileRef = 73F0170A1F33F65F00EDC602 /* Info.plist */; };
		73F017201F33F66900EDC602 /* AFHTTPRequestOperation.h in Headers */ = {isa = PBXBuildFile; fileRef = 73F0170D1F33F66900EDC602 /* AFHTTPRequestOperation.h */; settings = {ATTRIBUTES = (Public, ); }; };
		73F017211F33F66900EDC602 /* AFHTTPRequestOperation.m in Sources */ = {isa = PBXBuildFile; fileRef = 73F0170E1F33F66900EDC602 /* AFHTTPRequestOperation.m */; };
		73F017221F33F66900EDC602 /* AFHTTPRequestOperationManager.h in Headers */ = {isa = PBXBuildFile; fileRef = 73F0170F1F33F66900EDC602 /* AFHTTPRequestOperationManager.h */; settings = {ATTRIBUTES = (Public, ); }; };
		73F017231F33F66900EDC602 /* AFHTTPRequestOperationManager.m in Sources */ = {isa = PBXBuildFile; fileRef = 73F017101F33F66900EDC602 /* AFHTTPRequestOperationManager.m */; };
		73F017241F33F66900EDC602 /* AFHTTPSessionManager.h in Headers */ = {isa = PBXBuildFile; fileRef = 73F017111F33F66900EDC602 /* AFHTTPSessionManager.h */; settings = {ATTRIBUTES = (Public, ); }; };
		73F017251F33F66900EDC602 /* AFHTTPSessionManager.m in Sources */ = {isa = PBXBuildFile; fileRef = 73F017121F33F66900EDC602 /* AFHTTPSessionManager.m */; };
		73F017261F33F66900EDC602 /* AFNetworking.h in Headers */ = {isa = PBXBuildFile; fileRef = 73F017131F33F66900EDC602 /* AFNetworking.h */; settings = {ATTRIBUTES = (Public, ); }; };
		73F017271F33F66900EDC602 /* AFNetworkReachabilityManager.h in Headers */ = {isa = PBXBuildFile; fileRef = 73F017141F33F66900EDC602 /* AFNetworkReachabilityManager.h */; settings = {ATTRIBUTES = (Public, ); }; };
		73F017281F33F66900EDC602 /* AFNetworkReachabilityManager.m in Sources */ = {isa = PBXBuildFile; fileRef = 73F017151F33F66900EDC602 /* AFNetworkReachabilityManager.m */; };
		73F017291F33F66900EDC602 /* AFSecurityPolicy.h in Headers */ = {isa = PBXBuildFile; fileRef = 73F017161F33F66900EDC602 /* AFSecurityPolicy.h */; settings = {ATTRIBUTES = (Public, ); }; };
		73F0172A1F33F66900EDC602 /* AFSecurityPolicy.m in Sources */ = {isa = PBXBuildFile; fileRef = 73F017171F33F66900EDC602 /* AFSecurityPolicy.m */; };
		73F0172B1F33F66900EDC602 /* AFURLConnectionOperation.h in Headers */ = {isa = PBXBuildFile; fileRef = 73F017181F33F66900EDC602 /* AFURLConnectionOperation.h */; settings = {ATTRIBUTES = (Public, ); }; };
		73F0172C1F33F66900EDC602 /* AFURLConnectionOperation.m in Sources */ = {isa = PBXBuildFile; fileRef = 73F017191F33F66900EDC602 /* AFURLConnectionOperation.m */; };
		73F0172D1F33F66900EDC602 /* AFURLRequestSerialization.h in Headers */ = {isa = PBXBuildFile; fileRef = 73F0171A1F33F66900EDC602 /* AFURLRequestSerialization.h */; settings = {ATTRIBUTES = (Public, ); }; };
		73F0172E1F33F66900EDC602 /* AFURLRequestSerialization.m in Sources */ = {isa = PBXBuildFile; fileRef = 73F0171B1F33F66900EDC602 /* AFURLRequestSerialization.m */; };
		73F0172F1F33F66900EDC602 /* AFURLResponseSerialization.h in Headers */ = {isa = PBXBuildFile; fileRef = 73F0171C1F33F66900EDC602 /* AFURLResponseSerialization.h */; settings = {ATTRIBUTES = (Public, ); }; };
		73F017301F33F66900EDC602 /* AFURLResponseSerialization.m in Sources */ = {isa = PBXBuildFile; fileRef = 73F0171D1F33F66900EDC602 /* AFURLResponseSerialization.m */; };
		73F017311F33F66900EDC602 /* AFURLSessionManager.h in Headers */ = {isa = PBXBuildFile; fileRef = 73F0171E1F33F66900EDC602 /* AFURLSessionManager.h */; settings = {ATTRIBUTES = (Public, ); }; };
		73F017321F33F66900EDC602 /* AFURLSessionManager.m in Sources */ = {isa = PBXBuildFile; fileRef = 73F0171F1F33F66900EDC602 /* AFURLSessionManager.m */; };
/* End PBXBuildFile section */

/* Begin PBXFileReference section */
		7364535E1F39545800101EED /* AFNetworkActivityIndicatorManager.h */ = {isa = PBXFileReference; fileEncoding = 4; lastKnownFileType = sourcecode.c.h; path = AFNetworkActivityIndicatorManager.h; sourceTree = "<group>"; };
		7364535F1F39545800101EED /* AFNetworkActivityIndicatorManager.m */ = {isa = PBXFileReference; fileEncoding = 4; lastKnownFileType = sourcecode.c.objc; path = AFNetworkActivityIndicatorManager.m; sourceTree = "<group>"; };
		736453601F39545800101EED /* UIActivityIndicatorView+AFNetworking.h */ = {isa = PBXFileReference; fileEncoding = 4; lastKnownFileType = sourcecode.c.h; path = "UIActivityIndicatorView+AFNetworking.h"; sourceTree = "<group>"; };
		736453611F39545800101EED /* UIActivityIndicatorView+AFNetworking.m */ = {isa = PBXFileReference; fileEncoding = 4; lastKnownFileType = sourcecode.c.objc; path = "UIActivityIndicatorView+AFNetworking.m"; sourceTree = "<group>"; };
		736453621F39545800101EED /* UIAlertView+AFNetworking.h */ = {isa = PBXFileReference; fileEncoding = 4; lastKnownFileType = sourcecode.c.h; path = "UIAlertView+AFNetworking.h"; sourceTree = "<group>"; };
		736453631F39545800101EED /* UIAlertView+AFNetworking.m */ = {isa = PBXFileReference; fileEncoding = 4; lastKnownFileType = sourcecode.c.objc; path = "UIAlertView+AFNetworking.m"; sourceTree = "<group>"; };
		736453641F39545800101EED /* UIButton+AFNetworking.h */ = {isa = PBXFileReference; fileEncoding = 4; lastKnownFileType = sourcecode.c.h; path = "UIButton+AFNetworking.h"; sourceTree = "<group>"; };
		736453651F39545800101EED /* UIButton+AFNetworking.m */ = {isa = PBXFileReference; fileEncoding = 4; lastKnownFileType = sourcecode.c.objc; path = "UIButton+AFNetworking.m"; sourceTree = "<group>"; };
		736453661F39545800101EED /* UIImage+AFNetworking.h */ = {isa = PBXFileReference; fileEncoding = 4; lastKnownFileType = sourcecode.c.h; path = "UIImage+AFNetworking.h"; sourceTree = "<group>"; };
		736453671F39545800101EED /* UIImageView+AFNetworking.h */ = {isa = PBXFileReference; fileEncoding = 4; lastKnownFileType = sourcecode.c.h; path = "UIImageView+AFNetworking.h"; sourceTree = "<group>"; };
		736453681F39545800101EED /* UIImageView+AFNetworking.m */ = {isa = PBXFileReference; fileEncoding = 4; lastKnownFileType = sourcecode.c.objc; path = "UIImageView+AFNetworking.m"; sourceTree = "<group>"; };
		736453691F39545800101EED /* UIKit+AFNetworking.h */ = {isa = PBXFileReference; fileEncoding = 4; lastKnownFileType = sourcecode.c.h; path = "UIKit+AFNetworking.h"; sourceTree = "<group>"; };
		7364536A1F39545800101EED /* UIProgressView+AFNetworking.h */ = {isa = PBXFileReference; fileEncoding = 4; lastKnownFileType = sourcecode.c.h; path = "UIProgressView+AFNetworking.h"; sourceTree = "<group>"; };
		7364536B1F39545800101EED /* UIProgressView+AFNetworking.m */ = {isa = PBXFileReference; fileEncoding = 4; lastKnownFileType = sourcecode.c.objc; path = "UIProgressView+AFNetworking.m"; sourceTree = "<group>"; };
		7364536C1F39545800101EED /* UIRefreshControl+AFNetworking.h */ = {isa = PBXFileReference; fileEncoding = 4; lastKnownFileType = sourcecode.c.h; path = "UIRefreshControl+AFNetworking.h"; sourceTree = "<group>"; };
		7364536D1F39545800101EED /* UIRefreshControl+AFNetworking.m */ = {isa = PBXFileReference; fileEncoding = 4; lastKnownFileType = sourcecode.c.objc; path = "UIRefreshControl+AFNetworking.m"; sourceTree = "<group>"; };
		7364536E1F39545800101EED /* UIWebView+AFNetworking.h */ = {isa = PBXFileReference; fileEncoding = 4; lastKnownFileType = sourcecode.c.h; path = "UIWebView+AFNetworking.h"; sourceTree = "<group>"; };
		7364536F1F39545800101EED /* UIWebView+AFNetworking.m */ = {isa = PBXFileReference; fileEncoding = 4; lastKnownFileType = sourcecode.c.objc; path = "UIWebView+AFNetworking.m"; sourceTree = "<group>"; };
		73F016FF1F33F5DD00EDC602 /* AFNetworking.framework */ = {isa = PBXFileReference; explicitFileType = wrapper.framework; includeInIndex = 0; path = AFNetworking.framework; sourceTree = BUILT_PRODUCTS_DIR; };
		73F0170A1F33F65F00EDC602 /* Info.plist */ = {isa = PBXFileReference; fileEncoding = 4; lastKnownFileType = text.plist.xml; path = Info.plist; sourceTree = "<group>"; };
		73F0170D1F33F66900EDC602 /* AFHTTPRequestOperation.h */ = {isa = PBXFileReference; fileEncoding = 4; lastKnownFileType = sourcecode.c.h; path = AFHTTPRequestOperation.h; sourceTree = "<group>"; };
		73F0170E1F33F66900EDC602 /* AFHTTPRequestOperation.m */ = {isa = PBXFileReference; fileEncoding = 4; lastKnownFileType = sourcecode.c.objc; path = AFHTTPRequestOperation.m; sourceTree = "<group>"; };
		73F0170F1F33F66900EDC602 /* AFHTTPRequestOperationManager.h */ = {isa = PBXFileReference; fileEncoding = 4; lastKnownFileType = sourcecode.c.h; path = AFHTTPRequestOperationManager.h; sourceTree = "<group>"; };
		73F017101F33F66900EDC602 /* AFHTTPRequestOperationManager.m */ = {isa = PBXFileReference; fileEncoding = 4; lastKnownFileType = sourcecode.c.objc; path = AFHTTPRequestOperationManager.m; sourceTree = "<group>"; };
		73F017111F33F66900EDC602 /* AFHTTPSessionManager.h */ = {isa = PBXFileReference; fileEncoding = 4; lastKnownFileType = sourcecode.c.h; path = AFHTTPSessionManager.h; sourceTree = "<group>"; };
		73F017121F33F66900EDC602 /* AFHTTPSessionManager.m */ = {isa = PBXFileReference; fileEncoding = 4; lastKnownFileType = sourcecode.c.objc; path = AFHTTPSessionManager.m; sourceTree = "<group>"; };
		73F017131F33F66900EDC602 /* AFNetworking.h */ = {isa = PBXFileReference; fileEncoding = 4; lastKnownFileType = sourcecode.c.h; path = AFNetworking.h; sourceTree = "<group>"; };
		73F017141F33F66900EDC602 /* AFNetworkReachabilityManager.h */ = {isa = PBXFileReference; fileEncoding = 4; lastKnownFileType = sourcecode.c.h; path = AFNetworkReachabilityManager.h; sourceTree = "<group>"; };
		73F017151F33F66900EDC602 /* AFNetworkReachabilityManager.m */ = {isa = PBXFileReference; fileEncoding = 4; lastKnownFileType = sourcecode.c.objc; path = AFNetworkReachabilityManager.m; sourceTree = "<group>"; };
		73F017161F33F66900EDC602 /* AFSecurityPolicy.h */ = {isa = PBXFileReference; fileEncoding = 4; lastKnownFileType = sourcecode.c.h; path = AFSecurityPolicy.h; sourceTree = "<group>"; };
		73F017171F33F66900EDC602 /* AFSecurityPolicy.m */ = {isa = PBXFileReference; fileEncoding = 4; lastKnownFileType = sourcecode.c.objc; path = AFSecurityPolicy.m; sourceTree = "<group>"; };
		73F017181F33F66900EDC602 /* AFURLConnectionOperation.h */ = {isa = PBXFileReference; fileEncoding = 4; lastKnownFileType = sourcecode.c.h; path = AFURLConnectionOperation.h; sourceTree = "<group>"; };
		73F017191F33F66900EDC602 /* AFURLConnectionOperation.m */ = {isa = PBXFileReference; fileEncoding = 4; lastKnownFileType = sourcecode.c.objc; path = AFURLConnectionOperation.m; sourceTree = "<group>"; };
		73F0171A1F33F66900EDC602 /* AFURLRequestSerialization.h */ = {isa = PBXFileReference; fileEncoding = 4; lastKnownFileType = sourcecode.c.h; path = AFURLRequestSerialization.h; sourceTree = "<group>"; };
		73F0171B1F33F66900EDC602 /* AFURLRequestSerialization.m */ = {isa = PBXFileReference; fileEncoding = 4; lastKnownFileType = sourcecode.c.objc; path = AFURLRequestSerialization.m; sourceTree = "<group>"; };
		73F0171C1F33F66900EDC602 /* AFURLResponseSerialization.h */ = {isa = PBXFileReference; fileEncoding = 4; lastKnownFileType = sourcecode.c.h; path = AFURLResponseSerialization.h; sourceTree = "<group>"; };
		73F0171D1F33F66900EDC602 /* AFURLResponseSerialization.m */ = {isa = PBXFileReference; fileEncoding = 4; lastKnownFileType = sourcecode.c.objc; path = AFURLResponseSerialization.m; sourceTree = "<group>"; };
		73F0171E1F33F66900EDC602 /* AFURLSessionManager.h */ = {isa = PBXFileReference; fileEncoding = 4; lastKnownFileType = sourcecode.c.h; path = AFURLSessionManager.h; sourceTree = "<group>"; };
		73F0171F1F33F66900EDC602 /* AFURLSessionManager.m */ = {isa = PBXFileReference; fileEncoding = 4; lastKnownFileType = sourcecode.c.objc; path = AFURLSessionManager.m; sourceTree = "<group>"; };
/* End PBXFileReference section */

/* Begin PBXFrameworksBuildPhase section */
		73F016FB1F33F5DD00EDC602 /* Frameworks */ = {
			isa = PBXFrameworksBuildPhase;
			buildActionMask = 2147483647;
			files = (
			);
			runOnlyForDeploymentPostprocessing = 0;
		};
/* End PBXFrameworksBuildPhase section */

/* Begin PBXGroup section */
		7364535D1F39545800101EED /* UIKit+AFNetworking */ = {
			isa = PBXGroup;
			children = (
				7364535E1F39545800101EED /* AFNetworkActivityIndicatorManager.h */,
				7364535F1F39545800101EED /* AFNetworkActivityIndicatorManager.m */,
				736453601F39545800101EED /* UIActivityIndicatorView+AFNetworking.h */,
				736453611F39545800101EED /* UIActivityIndicatorView+AFNetworking.m */,
				736453621F39545800101EED /* UIAlertView+AFNetworking.h */,
				736453631F39545800101EED /* UIAlertView+AFNetworking.m */,
				736453641F39545800101EED /* UIButton+AFNetworking.h */,
				736453651F39545800101EED /* UIButton+AFNetworking.m */,
				736453661F39545800101EED /* UIImage+AFNetworking.h */,
				736453671F39545800101EED /* UIImageView+AFNetworking.h */,
				736453681F39545800101EED /* UIImageView+AFNetworking.m */,
				736453691F39545800101EED /* UIKit+AFNetworking.h */,
				7364536A1F39545800101EED /* UIProgressView+AFNetworking.h */,
				7364536B1F39545800101EED /* UIProgressView+AFNetworking.m */,
				7364536C1F39545800101EED /* UIRefreshControl+AFNetworking.h */,
				7364536D1F39545800101EED /* UIRefreshControl+AFNetworking.m */,
				7364536E1F39545800101EED /* UIWebView+AFNetworking.h */,
				7364536F1F39545800101EED /* UIWebView+AFNetworking.m */,
			);
			path = "UIKit+AFNetworking";
			sourceTree = "<group>";
		};
		73F016F51F33F5DD00EDC602 = {
			isa = PBXGroup;
			children = (
				7364535D1F39545800101EED /* UIKit+AFNetworking */,
				73F0170C1F33F66900EDC602 /* AFNetworking */,
				73F0170A1F33F65F00EDC602 /* Info.plist */,
				73F017001F33F5DD00EDC602 /* Products */,
			);
			sourceTree = "<group>";
		};
		73F017001F33F5DD00EDC602 /* Products */ = {
			isa = PBXGroup;
			children = (
				73F016FF1F33F5DD00EDC602 /* AFNetworking.framework */,
			);
			name = Products;
			sourceTree = "<group>";
		};
		73F0170C1F33F66900EDC602 /* AFNetworking */ = {
			isa = PBXGroup;
			children = (
				73F0170D1F33F66900EDC602 /* AFHTTPRequestOperation.h */,
				73F0170E1F33F66900EDC602 /* AFHTTPRequestOperation.m */,
				73F0170F1F33F66900EDC602 /* AFHTTPRequestOperationManager.h */,
				73F017101F33F66900EDC602 /* AFHTTPRequestOperationManager.m */,
				73F017111F33F66900EDC602 /* AFHTTPSessionManager.h */,
				73F017121F33F66900EDC602 /* AFHTTPSessionManager.m */,
				73F017131F33F66900EDC602 /* AFNetworking.h */,
				73F017141F33F66900EDC602 /* AFNetworkReachabilityManager.h */,
				73F017151F33F66900EDC602 /* AFNetworkReachabilityManager.m */,
				73F017161F33F66900EDC602 /* AFSecurityPolicy.h */,
				73F017171F33F66900EDC602 /* AFSecurityPolicy.m */,
				73F017181F33F66900EDC602 /* AFURLConnectionOperation.h */,
				73F017191F33F66900EDC602 /* AFURLConnectionOperation.m */,
				73F0171A1F33F66900EDC602 /* AFURLRequestSerialization.h */,
				73F0171B1F33F66900EDC602 /* AFURLRequestSerialization.m */,
				73F0171C1F33F66900EDC602 /* AFURLResponseSerialization.h */,
				73F0171D1F33F66900EDC602 /* AFURLResponseSerialization.m */,
				73F0171E1F33F66900EDC602 /* AFURLSessionManager.h */,
				73F0171F1F33F66900EDC602 /* AFURLSessionManager.m */,
			);
			path = AFNetworking;
			sourceTree = "<group>";
		};
/* End PBXGroup section */

/* Begin PBXHeadersBuildPhase section */
		73F016FC1F33F5DD00EDC602 /* Headers */ = {
			isa = PBXHeadersBuildPhase;
			buildActionMask = 2147483647;
			files = (
				73F017261F33F66900EDC602 /* AFNetworking.h in Headers */,
				73F017311F33F66900EDC602 /* AFURLSessionManager.h in Headers */,
				73F017201F33F66900EDC602 /* AFHTTPRequestOperation.h in Headers */,
				7364537B1F39545800101EED /* UIKit+AFNetworking.h in Headers */,
				7364537C1F39545800101EED /* UIProgressView+AFNetworking.h in Headers */,
				736453741F39545800101EED /* UIAlertView+AFNetworking.h in Headers */,
				736453701F39545800101EED /* AFNetworkActivityIndicatorManager.h in Headers */,
				736453801F39545800101EED /* UIWebView+AFNetworking.h in Headers */,
				736453761F39545800101EED /* UIButton+AFNetworking.h in Headers */,
				736453791F39545800101EED /* UIImageView+AFNetworking.h in Headers */,
				7364537E1F39545800101EED /* UIRefreshControl+AFNetworking.h in Headers */,
				736453721F39545800101EED /* UIActivityIndicatorView+AFNetworking.h in Headers */,
				736453781F39545800101EED /* UIImage+AFNetworking.h in Headers */,
				73F017221F33F66900EDC602 /* AFHTTPRequestOperationManager.h in Headers */,
				73F0172D1F33F66900EDC602 /* AFURLRequestSerialization.h in Headers */,
				73F017271F33F66900EDC602 /* AFNetworkReachabilityManager.h in Headers */,
				73F0172B1F33F66900EDC602 /* AFURLConnectionOperation.h in Headers */,
				73F017291F33F66900EDC602 /* AFSecurityPolicy.h in Headers */,
				73F0172F1F33F66900EDC602 /* AFURLResponseSerialization.h in Headers */,
				73F017241F33F66900EDC602 /* AFHTTPSessionManager.h in Headers */,
			);
			runOnlyForDeploymentPostprocessing = 0;
		};
/* End PBXHeadersBuildPhase section */

/* Begin PBXNativeTarget section */
		73F016FE1F33F5DD00EDC602 /* AFNetworking */ = {
			isa = PBXNativeTarget;
			buildConfigurationList = 73F017071F33F5DD00EDC602 /* Build configuration list for PBXNativeTarget "AFNetworking" */;
			buildPhases = (
				73F016FA1F33F5DD00EDC602 /* Sources */,
				73F016FB1F33F5DD00EDC602 /* Frameworks */,
				73F016FC1F33F5DD00EDC602 /* Headers */,
				73F016FD1F33F5DD00EDC602 /* Resources */,
			);
			buildRules = (
			);
			dependencies = (
			);
			name = AFNetworking;
			productName = AFNetworking;
			productReference = 73F016FF1F33F5DD00EDC602 /* AFNetworking.framework */;
			productType = "com.apple.product-type.framework";
		};
/* End PBXNativeTarget section */

/* Begin PBXProject section */
		73F016F61F33F5DD00EDC602 /* Project object */ = {
			isa = PBXProject;
			attributes = {
				LastUpgradeCheck = 0830;
				ORGANIZATIONNAME = lswith;
				TargetAttributes = {
					73F016FE1F33F5DD00EDC602 = {
						CreatedOnToolsVersion = 8.3.3;
						ProvisioningStyle = Automatic;
					};
				};
			};
			buildConfigurationList = 73F016F91F33F5DD00EDC602 /* Build configuration list for PBXProject "AFNetworking" */;
			compatibilityVersion = "Xcode 3.2";
			developmentRegion = English;
			hasScannedForEncodings = 0;
			knownRegions = (
				en,
			);
			mainGroup = 73F016F51F33F5DD00EDC602;
			productRefGroup = 73F017001F33F5DD00EDC602 /* Products */;
			projectDirPath = "";
			projectRoot = "";
			targets = (
				73F016FE1F33F5DD00EDC602 /* AFNetworking */,
			);
		};
/* End PBXProject section */

/* Begin PBXResourcesBuildPhase section */
		73F016FD1F33F5DD00EDC602 /* Resources */ = {
			isa = PBXResourcesBuildPhase;
			buildActionMask = 2147483647;
			files = (
				73F0170B1F33F65F00EDC602 /* Info.plist in Resources */,
			);
			runOnlyForDeploymentPostprocessing = 0;
		};
/* End PBXResourcesBuildPhase section */

/* Begin PBXSourcesBuildPhase section */
		73F016FA1F33F5DD00EDC602 /* Sources */ = {
			isa = PBXSourcesBuildPhase;
			buildActionMask = 2147483647;
			files = (
				736453751F39545800101EED /* UIAlertView+AFNetworking.m in Sources */,
				73F017321F33F66900EDC602 /* AFURLSessionManager.m in Sources */,
				7364537F1F39545800101EED /* UIRefreshControl+AFNetworking.m in Sources */,
				73F017251F33F66900EDC602 /* AFHTTPSessionManager.m in Sources */,
				73F0172A1F33F66900EDC602 /* AFSecurityPolicy.m in Sources */,
				7364537D1F39545800101EED /* UIProgressView+AFNetworking.m in Sources */,
				736453731F39545800101EED /* UIActivityIndicatorView+AFNetworking.m in Sources */,
				7364537A1F39545800101EED /* UIImageView+AFNetworking.m in Sources */,
				73F017231F33F66900EDC602 /* AFHTTPRequestOperationManager.m in Sources */,
				736453711F39545800101EED /* AFNetworkActivityIndicatorManager.m in Sources */,
				736453811F39545800101EED /* UIWebView+AFNetworking.m in Sources */,
				73F017281F33F66900EDC602 /* AFNetworkReachabilityManager.m in Sources */,
				73F0172C1F33F66900EDC602 /* AFURLConnectionOperation.m in Sources */,
				73F0172E1F33F66900EDC602 /* AFURLRequestSerialization.m in Sources */,
				73F017301F33F66900EDC602 /* AFURLResponseSerialization.m in Sources */,
				736453771F39545800101EED /* UIButton+AFNetworking.m in Sources */,
				73F017211F33F66900EDC602 /* AFHTTPRequestOperation.m in Sources */,
			);
			runOnlyForDeploymentPostprocessing = 0;
		};
/* End PBXSourcesBuildPhase section */

/* Begin XCBuildConfiguration section */
		73F017051F33F5DD00EDC602 /* Debug */ = {
			isa = XCBuildConfiguration;
			buildSettings = {
				ALWAYS_SEARCH_USER_PATHS = NO;
				CLANG_ANALYZER_NONNULL = YES;
				CLANG_ANALYZER_NUMBER_OBJECT_CONVERSION = YES_AGGRESSIVE;
				CLANG_CXX_LANGUAGE_STANDARD = "gnu++0x";
				CLANG_CXX_LIBRARY = "libc++";
				CLANG_ENABLE_MODULES = YES;
				CLANG_ENABLE_OBJC_ARC = YES;
				CLANG_WARN_BOOL_CONVERSION = YES;
				CLANG_WARN_CONSTANT_CONVERSION = YES;
				CLANG_WARN_DIRECT_OBJC_ISA_USAGE = YES_ERROR;
				CLANG_WARN_DOCUMENTATION_COMMENTS = YES;
				CLANG_WARN_EMPTY_BODY = YES;
				CLANG_WARN_ENUM_CONVERSION = YES;
				CLANG_WARN_INFINITE_RECURSION = YES;
				CLANG_WARN_INT_CONVERSION = YES;
				CLANG_WARN_OBJC_ROOT_CLASS = YES_ERROR;
				CLANG_WARN_SUSPICIOUS_MOVE = YES;
				CLANG_WARN_UNREACHABLE_CODE = YES;
				CLANG_WARN__DUPLICATE_METHOD_MATCH = YES;
				"CODE_SIGN_IDENTITY[sdk=iphoneos*]" = "iPhone Developer";
				COPY_PHASE_STRIP = NO;
				CURRENT_PROJECT_VERSION = 1;
				DEBUG_INFORMATION_FORMAT = dwarf;
				ENABLE_STRICT_OBJC_MSGSEND = YES;
				ENABLE_TESTABILITY = YES;
				GCC_C_LANGUAGE_STANDARD = gnu99;
				GCC_DYNAMIC_NO_PIC = NO;
				GCC_NO_COMMON_BLOCKS = YES;
				GCC_OPTIMIZATION_LEVEL = 0;
				GCC_PREPROCESSOR_DEFINITIONS = (
					"DEBUG=1",
					"$(inherited)",
				);
				GCC_WARN_64_TO_32_BIT_CONVERSION = YES;
				GCC_WARN_ABOUT_RETURN_TYPE = YES_ERROR;
				GCC_WARN_UNDECLARED_SELECTOR = YES;
				GCC_WARN_UNINITIALIZED_AUTOS = YES_AGGRESSIVE;
				GCC_WARN_UNUSED_FUNCTION = YES;
				GCC_WARN_UNUSED_VARIABLE = YES;
				IPHONEOS_DEPLOYMENT_TARGET = 10.3;
				MTL_ENABLE_DEBUG_INFO = YES;
				ONLY_ACTIVE_ARCH = YES;
				SDKROOT = iphoneos;
				TARGETED_DEVICE_FAMILY = "1,2";
				VERSIONING_SYSTEM = "apple-generic";
				VERSION_INFO_PREFIX = "";
			};
			name = Debug;
		};
		73F017061F33F5DD00EDC602 /* Release */ = {
			isa = XCBuildConfiguration;
			buildSettings = {
				ALWAYS_SEARCH_USER_PATHS = NO;
				CLANG_ANALYZER_NONNULL = YES;
				CLANG_ANALYZER_NUMBER_OBJECT_CONVERSION = YES_AGGRESSIVE;
				CLANG_CXX_LANGUAGE_STANDARD = "gnu++0x";
				CLANG_CXX_LIBRARY = "libc++";
				CLANG_ENABLE_MODULES = YES;
				CLANG_ENABLE_OBJC_ARC = YES;
				CLANG_WARN_BOOL_CONVERSION = YES;
				CLANG_WARN_CONSTANT_CONVERSION = YES;
				CLANG_WARN_DIRECT_OBJC_ISA_USAGE = YES_ERROR;
				CLANG_WARN_DOCUMENTATION_COMMENTS = YES;
				CLANG_WARN_EMPTY_BODY = YES;
				CLANG_WARN_ENUM_CONVERSION = YES;
				CLANG_WARN_INFINITE_RECURSION = YES;
				CLANG_WARN_INT_CONVERSION = YES;
				CLANG_WARN_OBJC_ROOT_CLASS = YES_ERROR;
				CLANG_WARN_SUSPICIOUS_MOVE = YES;
				CLANG_WARN_UNREACHABLE_CODE = YES;
				CLANG_WARN__DUPLICATE_METHOD_MATCH = YES;
				"CODE_SIGN_IDENTITY[sdk=iphoneos*]" = "iPhone Developer";
				COPY_PHASE_STRIP = NO;
				CURRENT_PROJECT_VERSION = 1;
				DEBUG_INFORMATION_FORMAT = "dwarf-with-dsym";
				ENABLE_NS_ASSERTIONS = NO;
				ENABLE_STRICT_OBJC_MSGSEND = YES;
				GCC_C_LANGUAGE_STANDARD = gnu99;
				GCC_NO_COMMON_BLOCKS = YES;
				GCC_WARN_64_TO_32_BIT_CONVERSION = YES;
				GCC_WARN_ABOUT_RETURN_TYPE = YES_ERROR;
				GCC_WARN_UNDECLARED_SELECTOR = YES;
				GCC_WARN_UNINITIALIZED_AUTOS = YES_AGGRESSIVE;
				GCC_WARN_UNUSED_FUNCTION = YES;
				GCC_WARN_UNUSED_VARIABLE = YES;
				IPHONEOS_DEPLOYMENT_TARGET = 10.3;
				MTL_ENABLE_DEBUG_INFO = NO;
				SDKROOT = iphoneos;
				TARGETED_DEVICE_FAMILY = "1,2";
				VALIDATE_PRODUCT = YES;
				VERSIONING_SYSTEM = "apple-generic";
				VERSION_INFO_PREFIX = "";
			};
			name = Release;
		};
		73F017081F33F5DD00EDC602 /* Debug */ = {
			isa = XCBuildConfiguration;
			buildSettings = {
				CODE_SIGN_IDENTITY = "";
				DEFINES_MODULE = YES;
				DYLIB_COMPATIBILITY_VERSION = 1;
				DYLIB_CURRENT_VERSION = 1;
				DYLIB_INSTALL_NAME_BASE = "@rpath";
				INFOPLIST_FILE = "$(SRCROOT)/Info.plist";
				INSTALL_PATH = "$(LOCAL_LIBRARY_DIR)/Frameworks";
				LD_RUNPATH_SEARCH_PATHS = "$(inherited) @executable_path/Frameworks @loader_path/Frameworks";
				PRODUCT_BUNDLE_IDENTIFIER = com.lswith.AFNetworking;
				PRODUCT_NAME = "$(TARGET_NAME)";
				SKIP_INSTALL = YES;
			};
			name = Debug;
		};
		73F017091F33F5DD00EDC602 /* Release */ = {
			isa = XCBuildConfiguration;
			buildSettings = {
				CODE_SIGN_IDENTITY = "";
				DEFINES_MODULE = YES;
				DYLIB_COMPATIBILITY_VERSION = 1;
				DYLIB_CURRENT_VERSION = 1;
				DYLIB_INSTALL_NAME_BASE = "@rpath";
				INFOPLIST_FILE = "$(SRCROOT)/Info.plist";
				INSTALL_PATH = "$(LOCAL_LIBRARY_DIR)/Frameworks";
				LD_RUNPATH_SEARCH_PATHS = "$(inherited) @executable_path/Frameworks @loader_path/Frameworks";
				PRODUCT_BUNDLE_IDENTIFIER = com.lswith.AFNetworking;
				PRODUCT_NAME = "$(TARGET_NAME)";
				SKIP_INSTALL = YES;
			};
			name = Release;
		};
/* End XCBuildConfiguration section */

/* Begin XCConfigurationList section */
		73F016F91F33F5DD00EDC602 /* Build configuration list for PBXProject "AFNetworking" */ = {
			isa = XCConfigurationList;
			buildConfigurations = (
				73F017051F33F5DD00EDC602 /* Debug */,
				73F017061F33F5DD00EDC602 /* Release */,
			);
			defaultConfigurationIsVisible = 0;
			defaultConfigurationName = Release;
		};
		73F017071F33F5DD00EDC602 /* Build configuration list for PBXNativeTarget "AFNetworking" */ = {
			isa = XCConfigurationList;
			buildConfigurations = (
				73F017081F33F5DD00EDC602 /* Debug */,
				73F017091F33F5DD00EDC602 /* Release */,
			);
			defaultConfigurationIsVisible = 0;
			defaultConfigurationName = Release;
		};
/* End XCConfigurationList section */
	};
	rootObject = 73F016F61F33F5DD00EDC602 /* Project object */;
}
